
Microsoft Visual Studio Solution File, Format Version 12.00
# Visual Studio Version 17
VisualStudioVersion = 17.2.32630.192
MinimumVisualStudioVersion = 10.0.40219.1
Project("{FAE04EC0-301F-11D3-BF4B-00C04F79EFBC}") = "ByOnet_Games", "ByOnet_Games\ByOnet_Games.csproj", "{78ADB7E5-26BD-4795-9653-E972738D5DDD}"
EndProject
Global
	GlobalSection(SolutionConfigurationPlatforms) = preSolution
		Debug|Any CPU = Debug|Any CPU
		Release|Any CPU = Release|Any CPU
	EndGlobalSection
	GlobalSection(ProjectConfigurationPlatforms) = postSolution
		{78ADB7E5-26BD-4795-9653-E972738D5DDD}.Debug|Any CPU.ActiveCfg = Debug|Any CPU
		{78ADB7E5-26BD-4795-9653-E972738D5DDD}.Debug|Any CPU.Build.0 = Debug|Any CPU
		{78ADB7E5-26BD-4795-9653-E972738D5DDD}.Release|Any CPU.ActiveCfg = Release|Any CPU
		{78ADB7E5-26BD-4795-9653-E972738D5DDD}.Release|Any CPU.Build.0 = Release|Any CPU
	EndGlobalSection
	GlobalSection(SolutionProperties) = preSolution
		HideSolutionNode = FALSE
	EndGlobalSection
	GlobalSection(ExtensibilityGlobals) = postSolution
		SolutionGuid = {D8C5788C-54AA-4E41-B1E6-94F39B02FF7B}
	EndGlobalSection
EndGlobal
